
Microsoft Visual Studio Solution File, Format Version 12.00
# Visual Studio Version 17
VisualStudioVersion = 17.11.35312.102
MinimumVisualStudioVersion = 10.0.40219.1
Project("{9A19103F-16F7-4668-BE54-9A1E7A4F7556}") = "Complimentree", "Complimentree.csproj", "{909EC041-F2A7-4DBE-8D3E-99F1766047F7}"
EndProject
Global
	GlobalSection(SolutionConfigurationPlatforms) = preSolution
		Debug|Any CPU = Debug|Any CPU
		Release|Any CPU = Release|Any CPU
	EndGlobalSection
	GlobalSection(ProjectConfigurationPlatforms) = postSolution
		{909EC041-F2A7-4DBE-8D3E-99F1766047F7}.Debug|Any CPU.ActiveCfg = Debug|Any CPU
		{909EC041-F2A7-4DBE-8D3E-99F1766047F7}.Debug|Any CPU.Build.0 = Debug|Any CPU
		{909EC041-F2A7-4DBE-8D3E-99F1766047F7}.Release|Any CPU.ActiveCfg = Release|Any CPU
		{909EC041-F2A7-4DBE-8D3E-99F1766047F7}.Release|Any CPU.Build.0 = Release|Any CPU
	EndGlobalSection
	GlobalSection(SolutionProperties) = preSolution
		HideSolutionNode = FALSE
	EndGlobalSection
	GlobalSection(ExtensibilityGlobals) = postSolution
		SolutionGuid = {BE2D04AA-EE72-4C2E-B601-D11114961E63}
	EndGlobalSection
EndGlobal
